
Microsoft Visual Studio Solution File, Format Version 12.00
# Visual Studio Version 16
VisualStudioVersion = 16.0.29613.14
MinimumVisualStudioVersion = 10.0.40219.1
Project("{FAE04EC0-301F-11D3-BF4B-00C04F79EFBC}") = "RestaurantManager", "RestaurantManager\RestaurantManager.csproj", "{B530E39C-F0EC-40BC-8C5C-2B47C756A0A2}"
EndProject
Global
	GlobalSection(SolutionConfigurationPlatforms) = preSolution
		Debug|Any CPU = Debug|Any CPU
		Release|Any CPU = Release|Any CPU
	EndGlobalSection
	GlobalSection(ProjectConfigurationPlatforms) = postSolution
		{B530E39C-F0EC-40BC-8C5C-2B47C756A0A2}.Debug|Any CPU.ActiveCfg = Debug|Any CPU
		{B530E39C-F0EC-40BC-8C5C-2B47C756A0A2}.Debug|Any CPU.Build.0 = Debug|Any CPU
		{B530E39C-F0EC-40BC-8C5C-2B47C756A0A2}.Release|Any CPU.ActiveCfg = Release|Any CPU
		{B530E39C-F0EC-40BC-8C5C-2B47C756A0A2}.Release|Any CPU.Build.0 = Release|Any CPU
	EndGlobalSection
	GlobalSection(SolutionProperties) = preSolution
		HideSolutionNode = FALSE
	EndGlobalSection
	GlobalSection(ExtensibilityGlobals) = postSolution
		SolutionGuid = {CDDC982F-B48C-48CD-986E-3387BA4F7B6E}
	EndGlobalSection
EndGlobal
